
Microsoft Visual Studio Solution File, Format Version 12.00
# Visual Studio Version 17
VisualStudioVersion = 17.10.35013.160
MinimumVisualStudioVersion = 10.0.40219.1
Project("{FAE04EC0-301F-11D3-BF4B-00C04F79EFBC}") = "practiceDataType", "practiceDataType\practiceDataType.csproj", "{72DCEEBE-6B20-4148-A46C-3941D3879E60}"
EndProject
Global
	GlobalSection(SolutionConfigurationPlatforms) = preSolution
		Debug|Any CPU = Debug|Any CPU
		Release|Any CPU = Release|Any CPU
	EndGlobalSection
	GlobalSection(ProjectConfigurationPlatforms) = postSolution
		{72DCEEBE-6B20-4148-A46C-3941D3879E60}.Debug|Any CPU.ActiveCfg = Debug|Any CPU
		{72DCEEBE-6B20-4148-A46C-3941D3879E60}.Debug|Any CPU.Build.0 = Debug|Any CPU
		{72DCEEBE-6B20-4148-A46C-3941D3879E60}.Release|Any CPU.ActiveCfg = Release|Any CPU
		{72DCEEBE-6B20-4148-A46C-3941D3879E60}.Release|Any CPU.Build.0 = Release|Any CPU
	EndGlobalSection
	GlobalSection(SolutionProperties) = preSolution
		HideSolutionNode = FALSE
	EndGlobalSection
	GlobalSection(ExtensibilityGlobals) = postSolution
		SolutionGuid = {3F1E9EB4-6A06-42A9-A93B-9A26772A7429}
	EndGlobalSection
EndGlobal
